{
  "name": "@mpulsesoftware/web3-components",
  "version": "0.0.1",
  "lockfileVersion": 2,
  "requires": true,
  "packages": {
    "": {
      "name": "@mpulsesoftware/web3-components",
      "version": "0.0.1",
      "license": "MIT",
      "dependencies": {
        "@fortawesome/fontawesome-pro": "^6.4.0"
      },
      "devDependencies": {
        "fix-esm-import-path": "^1.4.0",
        "typescript": "^5.1.3"
      },
      "peerDependencies": {
        "@fortawesome/fontawesome-pro": "^6.4.0"
      }
    },
    "node_modules/@fortawesome/fontawesome-pro": {
      "version": "6.4.0",
      "resolved": "https://npm.fontawesome.com/@fortawesome/fontawesome-pro/-/6.4.0/fontawesome-pro-6.4.0.tgz",
      "integrity": "sha512-VtoAOuV0KAjdO979RHGko5krp3UsKMnXH1SaHnQvlz4PcgErcsk5ZPugoMhc3sW5lkrRl8NnaGwkGzB3gzVSxQ==",
      "engines": {
        "node": ">=6"
      }
    },
    "node_modules/debug": {
      "version": "4.3.4",
      "resolved": "https://registry.npmjs.org/debug/-/debug-4.3.4.tgz",
      "integrity": "sha512-PRWFHuSU3eDtQJPvnNY7Jcket1j0t5OuOsFzPPzsekD52Zl8qUfFIPEiswXqIvHWGVHOgX+7G/vCNNhehwxfkQ==",
      "dev": true,
      "dependencies": {
        "ms": "2.1.2"
      },
      "engines": {
        "node": ">=6.0"
      },
      "peerDependenciesMeta": {
        "supports-color": {
          "optional": true
        }
      }
    },
    "node_modules/fix-esm-import-path": {
      "version": "1.4.0",
      "resolved": "https://registry.npmjs.org/fix-esm-import-path/-/fix-esm-import-path-1.4.0.tgz",
      "integrity": "sha512-xTkmzlotSgZwn3mNOZA6R6IK0Ow1uQvtdeGS8hqRa1nl8rwdtxZPWktorKcwvsUDpCPnqFbkfsya9P3MG6rTcg==",
      "dev": true,
      "dependencies": {
        "debug": "^4.3.2"
      },
      "bin": {
        "fix-esm-import-path": "fix-esm-import-path.js"
      }
    },
    "node_modules/ms": {
      "version": "2.1.2",
      "resolved": "https://registry.npmjs.org/ms/-/ms-2.1.2.tgz",
      "integrity": "sha512-sGkPx+VjMtmA6MX27oA4FBFELFCZZ4S4XqeGOXCv68tT+jb3vk/RyaKWP0PTKyWtmLSM0b+adUTEvbs1PEaH2w==",
      "dev": true
    },
    "node_modules/typescript": {
      "version": "5.1.3",
      "resolved": "https://registry.npmjs.org/typescript/-/typescript-5.1.3.tgz",
      "integrity": "sha512-XH627E9vkeqhlZFQuL+UsyAXEnibT0kWR2FWONlr4sTjvxyJYnyefgrkyECLzM5NenmKzRAy2rR/OlYLA1HkZw==",
      "dev": true,
      "bin": {
        "tsc": "bin/tsc",
        "tsserver": "bin/tsserver"
      },
      "engines": {
        "node": ">=14.17"
      }
    }
  },
  "dependencies": {
    "@fortawesome/fontawesome-pro": {
      "version": "6.4.0",
      "resolved": "https://npm.fontawesome.com/@fortawesome/fontawesome-pro/-/6.4.0/fontawesome-pro-6.4.0.tgz",
      "integrity": "sha512-VtoAOuV0KAjdO979RHGko5krp3UsKMnXH1SaHnQvlz4PcgErcsk5ZPugoMhc3sW5lkrRl8NnaGwkGzB3gzVSxQ=="
    },
    "debug": {
      "version": "4.3.4",
      "resolved": "https://registry.npmjs.org/debug/-/debug-4.3.4.tgz",
      "integrity": "sha512-PRWFHuSU3eDtQJPvnNY7Jcket1j0t5OuOsFzPPzsekD52Zl8qUfFIPEiswXqIvHWGVHOgX+7G/vCNNhehwxfkQ==",
      "dev": true,
      "requires": {
        "ms": "2.1.2"
      }
    },
    "fix-esm-import-path": {
      "version": "1.4.0",
      "resolved": "https://registry.npmjs.org/fix-esm-import-path/-/fix-esm-import-path-1.4.0.tgz",
      "integrity": "sha512-xTkmzlotSgZwn3mNOZA6R6IK0Ow1uQvtdeGS8hqRa1nl8rwdtxZPWktorKcwvsUDpCPnqFbkfsya9P3MG6rTcg==",
      "dev": true,
      "requires": {
        "debug": "^4.3.2"
      }
    },
    "ms": {
      "version": "2.1.2",
      "resolved": "https://registry.npmjs.org/ms/-/ms-2.1.2.tgz",
      "integrity": "sha512-sGkPx+VjMtmA6MX27oA4FBFELFCZZ4S4XqeGOXCv68tT+jb3vk/RyaKWP0PTKyWtmLSM0b+adUTEvbs1PEaH2w==",
      "dev": true
    },
    "typescript": {
      "version": "5.1.3",
      "resolved": "https://registry.npmjs.org/typescript/-/typescript-5.1.3.tgz",
      "integrity": "sha512-XH627E9vkeqhlZFQuL+UsyAXEnibT0kWR2FWONlr4sTjvxyJYnyefgrkyECLzM5NenmKzRAy2rR/OlYLA1HkZw==",
      "dev": true
    }
  }
}
